Microsoft Visual Studio Solution File, Format Version 12.00
# Visual Studio 2012
Project("{FAE04EC0-301F-11D3-BF4B-00C04F79EFBC}") = "GodotRollbackNetcodeMono", "GodotRollbackNetcodeMono.csproj", "{F091BAC6-59F6-4DD1-A7D6-9FD98962A774}"
EndProject
Global
	GlobalSection(SolutionConfigurationPlatforms) = preSolution
	Debug|Any CPU = Debug|Any CPU
	ExportDebug|Any CPU = ExportDebug|Any CPU
	ExportRelease|Any CPU = ExportRelease|Any CPU
	EndGlobalSection
	GlobalSection(ProjectConfigurationPlatforms) = postSolution
		{F091BAC6-59F6-4DD1-A7D6-9FD98962A774}.Debug|Any CPU.ActiveCfg = Debug|Any CPU
		{F091BAC6-59F6-4DD1-A7D6-9FD98962A774}.Debug|Any CPU.Build.0 = Debug|Any CPU
		{F091BAC6-59F6-4DD1-A7D6-9FD98962A774}.ExportDebug|Any CPU.ActiveCfg = ExportDebug|Any CPU
		{F091BAC6-59F6-4DD1-A7D6-9FD98962A774}.ExportDebug|Any CPU.Build.0 = ExportDebug|Any CPU
		{F091BAC6-59F6-4DD1-A7D6-9FD98962A774}.ExportRelease|Any CPU.ActiveCfg = ExportRelease|Any CPU
		{F091BAC6-59F6-4DD1-A7D6-9FD98962A774}.ExportRelease|Any CPU.Build.0 = ExportRelease|Any CPU
	EndGlobalSection
EndGlobal
