Microsoft Visual Studio Solution File, Format Version 12.00
# Visual Studio 2012
Project("{FAE04EC0-301F-11D3-BF4B-00C04F79EFBC}") = "GodotRollbackNetcodeMono", "GodotRollbackNetcodeMono.csproj", "{CACCCA2B-3A80-4CB8-B66D-61C2B44405F5}"
EndProject
Global
	GlobalSection(SolutionConfigurationPlatforms) = preSolution
	Debug|Any CPU = Debug|Any CPU
	ExportDebug|Any CPU = ExportDebug|Any CPU
	ExportRelease|Any CPU = ExportRelease|Any CPU
	EndGlobalSection
	GlobalSection(ProjectConfigurationPlatforms) = postSolution
		{CACCCA2B-3A80-4CB8-B66D-61C2B44405F5}.Debug|Any CPU.ActiveCfg = Debug|Any CPU
		{CACCCA2B-3A80-4CB8-B66D-61C2B44405F5}.Debug|Any CPU.Build.0 = Debug|Any CPU
		{CACCCA2B-3A80-4CB8-B66D-61C2B44405F5}.ExportDebug|Any CPU.ActiveCfg = ExportDebug|Any CPU
		{CACCCA2B-3A80-4CB8-B66D-61C2B44405F5}.ExportDebug|Any CPU.Build.0 = ExportDebug|Any CPU
		{CACCCA2B-3A80-4CB8-B66D-61C2B44405F5}.ExportRelease|Any CPU.ActiveCfg = ExportRelease|Any CPU
		{CACCCA2B-3A80-4CB8-B66D-61C2B44405F5}.ExportRelease|Any CPU.Build.0 = ExportRelease|Any CPU
	EndGlobalSection
EndGlobal
